{
	"name": "@memori/extension",
	"version": "0.0.7",
	"lockfileVersion": 2,
	"requires": true,
	"packages": {
		"": {
			"name": "@memori/extension",
			"version": "0.0.4",
			"license": "ISC",
			"dependencies": {
				"sirv-cli": "^1.0.14"
			}
		},
		"node_modules/@polka/url": {
			"version": "1.0.0-next.21",
			"resolved": "https://registry.npmjs.org/@polka/url/-/url-1.0.0-next.21.tgz",
			"integrity": "sha512-a5Sab1C4/icpTZVzZc5Ghpz88yQtGOyNqYXcZgOssB2uuAr+wF/MvN6bgtW32q7HHrvBki+BsZ0OuNv6EV3K9g=="
		},
		"node_modules/console-clear": {
			"version": "1.1.1",
			"resolved": "https://registry.npmjs.org/console-clear/-/console-clear-1.1.1.tgz",
			"integrity": "sha512-pMD+MVR538ipqkG5JXeOEbKWS5um1H4LUUccUQG68qpeqBYbzYy79Gh55jkd2TtPdRfUaLWdv6LPP//5Zt0aPQ==",
			"engines": {
				"node": ">=4"
			}
		},
		"node_modules/get-port": {
			"version": "3.2.0",
			"resolved": "https://registry.npmjs.org/get-port/-/get-port-3.2.0.tgz",
			"integrity": "sha1-3Xzn3hh8Bsi/NTeWrHHgmfCYDrw=",
			"engines": {
				"node": ">=4"
			}
		},
		"node_modules/kleur": {
			"version": "3.0.3",
			"resolved": "https://registry.npmjs.org/kleur/-/kleur-3.0.3.tgz",
			"integrity": "sha512-eTIzlVOSUR+JxdDFepEYcBMtZ9Qqdef+rnzWdRZuMbOywu5tO2w2N7rqjoANZ5k9vywhL6Br1VRjUIgTQx4E8w==",
			"engines": {
				"node": ">=6"
			}
		},
		"node_modules/local-access": {
			"version": "1.1.0",
			"resolved": "https://registry.npmjs.org/local-access/-/local-access-1.1.0.tgz",
			"integrity": "sha512-XfegD5pyTAfb+GY6chk283Ox5z8WexG56OvM06RWLpAc/UHozO8X6xAxEkIitZOtsSMM1Yr3DkHgW5W+onLhCw==",
			"engines": {
				"node": ">=6"
			}
		},
		"node_modules/mri": {
			"version": "1.2.0",
			"resolved": "https://registry.npmjs.org/mri/-/mri-1.2.0.tgz",
			"integrity": "sha512-tzzskb3bG8LvYGFF/mDTpq3jpI6Q9wc3LEmBaghu+DdCssd1FakN7Bc0hVNmEyGq1bq3RgfkCb3cmQLpNPOroA==",
			"engines": {
				"node": ">=4"
			}
		},
		"node_modules/mrmime": {
			"version": "1.0.0",
			"resolved": "https://registry.npmjs.org/mrmime/-/mrmime-1.0.0.tgz",
			"integrity": "sha512-a70zx7zFfVO7XpnQ2IX1Myh9yY4UYvfld/dikWRnsXxbyvMcfz+u6UfgNAtH+k2QqtJuzVpv6eLTx1G2+WKZbQ==",
			"engines": {
				"node": ">=10"
			}
		},
		"node_modules/sade": {
			"version": "1.7.4",
			"resolved": "https://registry.npmjs.org/sade/-/sade-1.7.4.tgz",
			"integrity": "sha512-y5yauMD93rX840MwUJr7C1ysLFBgMspsdTo4UVrDg3fXDvtwOyIqykhVAAm6fk/3au77773itJStObgK+LKaiA==",
			"dependencies": {
				"mri": "^1.1.0"
			},
			"engines": {
				"node": ">= 6"
			}
		},
		"node_modules/semiver": {
			"version": "1.1.0",
			"resolved": "https://registry.npmjs.org/semiver/-/semiver-1.1.0.tgz",
			"integrity": "sha512-QNI2ChmuioGC1/xjyYwyZYADILWyW6AmS1UH6gDj/SFUUUS4MBAWs/7mxnkRPc/F4iHezDP+O8t0dO8WHiEOdg==",
			"engines": {
				"node": ">=6"
			}
		},
		"node_modules/sirv": {
			"version": "1.0.19",
			"resolved": "https://registry.npmjs.org/sirv/-/sirv-1.0.19.tgz",
			"integrity": "sha512-JuLThK3TnZG1TAKDwNIqNq6QA2afLOCcm+iE8D1Kj3GA40pSPsxQjjJl0J8X3tsR7T+CP1GavpzLwYkgVLWrZQ==",
			"dependencies": {
				"@polka/url": "^1.0.0-next.20",
				"mrmime": "^1.0.0",
				"totalist": "^1.0.0"
			},
			"engines": {
				"node": ">= 10"
			}
		},
		"node_modules/sirv-cli": {
			"version": "1.0.14",
			"resolved": "https://registry.npmjs.org/sirv-cli/-/sirv-cli-1.0.14.tgz",
			"integrity": "sha512-yyUTNr984ANKDloqepkYbBSqvx3buwYg2sQKPWjSU+IBia5loaoka2If8N9CMwt8AfP179cdEl7kYJ//iWJHjQ==",
			"dependencies": {
				"console-clear": "^1.1.0",
				"get-port": "^3.2.0",
				"kleur": "^3.0.0",
				"local-access": "^1.0.1",
				"sade": "^1.6.0",
				"semiver": "^1.0.0",
				"sirv": "^1.0.13",
				"tinydate": "^1.0.0"
			},
			"bin": {
				"sirv": "bin.js"
			},
			"engines": {
				"node": ">= 10"
			}
		},
		"node_modules/tinydate": {
			"version": "1.3.0",
			"resolved": "https://registry.npmjs.org/tinydate/-/tinydate-1.3.0.tgz",
			"integrity": "sha512-7cR8rLy2QhYHpsBDBVYnnWXm8uRTr38RoZakFSW7Bs7PzfMPNZthuMLkwqZv7MTu8lhQ91cOFYS5a7iFj2oR3w==",
			"engines": {
				"node": ">=4"
			}
		},
		"node_modules/totalist": {
			"version": "1.1.0",
			"resolved": "https://registry.npmjs.org/totalist/-/totalist-1.1.0.tgz",
			"integrity": "sha512-gduQwd1rOdDMGxFG1gEvhV88Oirdo2p+KjoYFU7k2g+i7n6AFFbDQ5kMPUsW0pNbfQsB/cwXvT1i4Bue0s9g5g==",
			"engines": {
				"node": ">=6"
			}
		}
	},
	"dependencies": {
		"@polka/url": {
			"version": "1.0.0-next.21",
			"resolved": "https://registry.npmjs.org/@polka/url/-/url-1.0.0-next.21.tgz",
			"integrity": "sha512-a5Sab1C4/icpTZVzZc5Ghpz88yQtGOyNqYXcZgOssB2uuAr+wF/MvN6bgtW32q7HHrvBki+BsZ0OuNv6EV3K9g=="
		},
		"console-clear": {
			"version": "1.1.1",
			"resolved": "https://registry.npmjs.org/console-clear/-/console-clear-1.1.1.tgz",
			"integrity": "sha512-pMD+MVR538ipqkG5JXeOEbKWS5um1H4LUUccUQG68qpeqBYbzYy79Gh55jkd2TtPdRfUaLWdv6LPP//5Zt0aPQ=="
		},
		"get-port": {
			"version": "3.2.0",
			"resolved": "https://registry.npmjs.org/get-port/-/get-port-3.2.0.tgz",
			"integrity": "sha1-3Xzn3hh8Bsi/NTeWrHHgmfCYDrw="
		},
		"kleur": {
			"version": "3.0.3",
			"resolved": "https://registry.npmjs.org/kleur/-/kleur-3.0.3.tgz",
			"integrity": "sha512-eTIzlVOSUR+JxdDFepEYcBMtZ9Qqdef+rnzWdRZuMbOywu5tO2w2N7rqjoANZ5k9vywhL6Br1VRjUIgTQx4E8w=="
		},
		"local-access": {
			"version": "1.1.0",
			"resolved": "https://registry.npmjs.org/local-access/-/local-access-1.1.0.tgz",
			"integrity": "sha512-XfegD5pyTAfb+GY6chk283Ox5z8WexG56OvM06RWLpAc/UHozO8X6xAxEkIitZOtsSMM1Yr3DkHgW5W+onLhCw=="
		},
		"mri": {
			"version": "1.2.0",
			"resolved": "https://registry.npmjs.org/mri/-/mri-1.2.0.tgz",
			"integrity": "sha512-tzzskb3bG8LvYGFF/mDTpq3jpI6Q9wc3LEmBaghu+DdCssd1FakN7Bc0hVNmEyGq1bq3RgfkCb3cmQLpNPOroA=="
		},
		"mrmime": {
			"version": "1.0.0",
			"resolved": "https://registry.npmjs.org/mrmime/-/mrmime-1.0.0.tgz",
			"integrity": "sha512-a70zx7zFfVO7XpnQ2IX1Myh9yY4UYvfld/dikWRnsXxbyvMcfz+u6UfgNAtH+k2QqtJuzVpv6eLTx1G2+WKZbQ=="
		},
		"sade": {
			"version": "1.7.4",
			"resolved": "https://registry.npmjs.org/sade/-/sade-1.7.4.tgz",
			"integrity": "sha512-y5yauMD93rX840MwUJr7C1ysLFBgMspsdTo4UVrDg3fXDvtwOyIqykhVAAm6fk/3au77773itJStObgK+LKaiA==",
			"requires": {
				"mri": "^1.1.0"
			}
		},
		"semiver": {
			"version": "1.1.0",
			"resolved": "https://registry.npmjs.org/semiver/-/semiver-1.1.0.tgz",
			"integrity": "sha512-QNI2ChmuioGC1/xjyYwyZYADILWyW6AmS1UH6gDj/SFUUUS4MBAWs/7mxnkRPc/F4iHezDP+O8t0dO8WHiEOdg=="
		},
		"sirv": {
			"version": "1.0.19",
			"resolved": "https://registry.npmjs.org/sirv/-/sirv-1.0.19.tgz",
			"integrity": "sha512-JuLThK3TnZG1TAKDwNIqNq6QA2afLOCcm+iE8D1Kj3GA40pSPsxQjjJl0J8X3tsR7T+CP1GavpzLwYkgVLWrZQ==",
			"requires": {
				"@polka/url": "^1.0.0-next.20",
				"mrmime": "^1.0.0",
				"totalist": "^1.0.0"
			}
		},
		"sirv-cli": {
			"version": "1.0.14",
			"resolved": "https://registry.npmjs.org/sirv-cli/-/sirv-cli-1.0.14.tgz",
			"integrity": "sha512-yyUTNr984ANKDloqepkYbBSqvx3buwYg2sQKPWjSU+IBia5loaoka2If8N9CMwt8AfP179cdEl7kYJ//iWJHjQ==",
			"requires": {
				"console-clear": "^1.1.0",
				"get-port": "^3.2.0",
				"kleur": "^3.0.0",
				"local-access": "^1.0.1",
				"sade": "^1.6.0",
				"semiver": "^1.0.0",
				"sirv": "^1.0.13",
				"tinydate": "^1.0.0"
			}
		},
		"tinydate": {
			"version": "1.3.0",
			"resolved": "https://registry.npmjs.org/tinydate/-/tinydate-1.3.0.tgz",
			"integrity": "sha512-7cR8rLy2QhYHpsBDBVYnnWXm8uRTr38RoZakFSW7Bs7PzfMPNZthuMLkwqZv7MTu8lhQ91cOFYS5a7iFj2oR3w=="
		},
		"totalist": {
			"version": "1.1.0",
			"resolved": "https://registry.npmjs.org/totalist/-/totalist-1.1.0.tgz",
			"integrity": "sha512-gduQwd1rOdDMGxFG1gEvhV88Oirdo2p+KjoYFU7k2g+i7n6AFFbDQ5kMPUsW0pNbfQsB/cwXvT1i4Bue0s9g5g=="
		}
	}
}
